hash: e563cda47b283fe28f492d62ac581744d82fa78bbbb80b76224246b94dc7df84
updated: 2018-01-18T16:01:58.798749+09:00
imports:
- name: github.com/armon/go-radix
  version: 4239b77079c7b5d1243b7b4736304ce8ddb6f0f2
- name: github.com/bgentry/speakeasy
  version: 4aabc24848ce5fd31929f7d1e4ea74d3709c14cd
- name: github.com/briandowns/spinner
  version: cd65e8bd7da20cdcee450f7cbdd9cc04f78bc02f
- name: github.com/fatih/color
  version: bf82308e8c8546dc2b945157173eb8a959ae9505
- name: github.com/grafov/m3u8
  version: 4c69ce4c839a9b1313fd747e44fe27053bde78e8
- name: github.com/mattn/go-colorable
  version: d228849504861217f796da67fae4f6e347643f15
- name: github.com/mattn/go-isatty
  version: fc9e8d8ef48496124e79ae0df75490096eccf6fe
- name: github.com/mattn/go-runewidth
  version: 737072b4e32b7a5018b4a7125da8d12de90e8045
- name: github.com/mitchellh/cli
  version: fa17b36f6c61f1ddbbb08c9f6fde94b3c065a09d
- name: github.com/olekukonko/tablewriter
  version: bdcc175572fd7abece6c831e643891b9331bc9e7
- name: github.com/yyoshiki41/go-radiko
  version: bfad684eebc45cf477cb9b7858494c666af8084c
  subpackages:
  - internal/m3u8
  - internal/util
- name: golang.org/x/net
  version: 513929065c19401a1c7b76ecd942f9f86a0c061b
  subpackages:
  - html
  - html/atom
- name: golang.org/x/sys
  version: c4489faa6e5ab84c0ef40d6ee878f7a030281f0f
  subpackages:
  - unix
testImports: []
